
Microsoft Visual Studio Solution File, Format Version 12.00
# Visual Studio 2012
Project("{FAE04EC0-301F-11D3-BF4B-00C04F79EFBC}") = "Ninesky", "CMS\Ninesky.csproj", "{5D3EEF82-7ED4-4296-A6F0-8F6774443C95}"
EndProject
Global
	GlobalSection(SolutionConfigurationPlatforms) = preSolution
		Debug|Any CPU = Debug|Any CPU
		Release|Any CPU = Release|Any CPU
	EndGlobalSection
	GlobalSection(ProjectConfigurationPlatforms) = postSolution
		{5D3EEF82-7ED4-4296-A6F0-8F6774443C95}.Debug|Any CPU.ActiveCfg = Debug|Any CPU
		{5D3EEF82-7ED4-4296-A6F0-8F6774443C95}.Debug|Any CPU.Build.0 = Debug|Any CPU
		{5D3EEF82-7ED4-4296-A6F0-8F6774443C95}.Release|Any CPU.ActiveCfg = Release|Any CPU
		{5D3EEF82-7ED4-4296-A6F0-8F6774443C95}.Release|Any CPU.Build.0 = Release|Any CPU
	EndGlobalSection
	GlobalSection(SolutionProperties) = preSolution
		HideSolutionNode = FALSE
	EndGlobalSection
EndGlobal
